{
  "name": "main",
  "version": "1.0.0",
  "lockfileVersion": 3,
  "requires": true,
  "packages": {
    "": {
      "name": "main",
      "version": "1.0.0",
      "dependencies": {
        "konva": "^9.3.14"
      }
    },
    "node_modules/konva": {
      "version": "9.3.14",
      "resolved": "https://registry.npmjs.org/konva/-/konva-9.3.14.tgz",
      "integrity": "sha512-Gmm5lyikGYJyogKQA7Fy6dKkfNh350V6DwfZkid0RVrGYP2cfCsxuMxgF5etKeCv7NjXYpJxKqi1dYkIkX/dcA==",
      "funding": [
        {
          "type": "patreon",
          "url": "https://www.patreon.com/lavrton"
        },
        {
          "type": "opencollective",
          "url": "https://opencollective.com/konva"
        },
        {
          "type": "github",
          "url": "https://github.com/sponsors/lavrton"
        }
      ],
      "license": "MIT"
    }
  }
}
